
Microsoft Visual Studio Solution File, Format Version 12.00
# Visual Studio 15
VisualStudioVersion = 15.0.28010.2036
MinimumVisualStudioVersion = 10.0.40219.1
Project("{FAE04EC0-301F-11D3-BF4B-00C04F79EFBC}") = "Diego", "Diego\Diego.csproj", "{4036DCE1-617F-44A4-862E-16C2DA45D57D}"
EndProject
Global
	GlobalSection(SolutionConfigurationPlatforms) = preSolution
		Debug|Any CPU = Debug|Any CPU
		Release|Any CPU = Release|Any CPU
	EndGlobalSection
	GlobalSection(ProjectConfigurationPlatforms) = postSolution
		{4036DCE1-617F-44A4-862E-16C2DA45D57D}.Debug|Any CPU.ActiveCfg = Debug|Any CPU
		{4036DCE1-617F-44A4-862E-16C2DA45D57D}.Debug|Any CPU.Build.0 = Debug|Any CPU
		{4036DCE1-617F-44A4-862E-16C2DA45D57D}.Release|Any CPU.ActiveCfg = Release|Any CPU
		{4036DCE1-617F-44A4-862E-16C2DA45D57D}.Release|Any CPU.Build.0 = Release|Any CPU
	EndGlobalSection
	GlobalSection(SolutionProperties) = preSolution
		HideSolutionNode = FALSE
	EndGlobalSection
	GlobalSection(ExtensibilityGlobals) = postSolution
		SolutionGuid = {3CCFF824-4359-4783-AFDD-46B1B35B5A64}
	EndGlobalSection
EndGlobal
